
Microsoft Visual Studio Solution File, Format Version 12.00
# Visual Studio 15
VisualStudioVersion = 15.0.27703.2047
MinimumVisualStudioVersion = 10.0.40219.1
Project("{FAE04EC0-301F-11D3-BF4B-00C04F79EFBC}") = "proyecto01", "proyecto01\proyecto01.csproj", "{C66F56DE-C0A2-4D34-8E1B-C1649CCC9FCB}"
EndProject
Project("{FAE04EC0-301F-11D3-BF4B-00C04F79EFBC}") = "ejercicio_01", "ejercicio_01\ejercicio_01.csproj", "{4EB7CC5C-7DB9-419D-865B-305EE59B39FB}"
EndProject
Project("{FAE04EC0-301F-11D3-BF4B-00C04F79EFBC}") = "ejercicio_17", "ejercicio_17\ejercicio_17.csproj", "{4B2FD6CA-6C40-495E-A185-A236570BE7CA}"
EndProject
Project("{FAE04EC0-301F-11D3-BF4B-00C04F79EFBC}") = "proyecto_02", "proyecto_02\proyecto_02.csproj", "{C06C718D-49C4-431D-A2C8-3BDE523BC442}"
EndProject
Project("{FAE04EC0-301F-11D3-BF4B-00C04F79EFBC}") = "librerias", "entidades\librerias.csproj", "{CECF8AE3-4A2A-4DEF-BF84-FC3B80A1082C}"
EndProject
Project("{FAE04EC0-301F-11D3-BF4B-00C04F79EFBC}") = "proyecto_03", "proyecto_03\proyecto_03.csproj", "{EA095BD7-E975-4463-ACD6-91CECA9443B8}"
EndProject
Project("{FAE04EC0-301F-11D3-BF4B-00C04F79EFBC}") = "clase_04.entidades", "clase_04\clase_04.entidades.csproj", "{74BCAFF9-659E-4701-A90B-1B06A5E55F26}"
EndProject
Project("{FAE04EC0-301F-11D3-BF4B-00C04F79EFBC}") = "clase04.test", "clase04.test\clase04.test.csproj", "{25F6B80A-2D0E-40A7-B27A-472BB357AC88}"
EndProject
Project("{FAE04EC0-301F-11D3-BF4B-00C04F79EFBC}") = "clase04.windowsform", "clase04.windowsform\clase04.windowsform.csproj", "{96AADD0A-D94F-4815-AD1A-ECFA28ED1307}"
EndProject
Project("{FAE04EC0-301F-11D3-BF4B-00C04F79EFBC}") = "clase5.entidades", "clase5.entidades\clase5.entidades.csproj", "{2A95F485-89B3-422B-AB76-55F98FA7E143}"
EndProject
Project("{FAE04EC0-301F-11D3-BF4B-00C04F79EFBC}") = "clase5.test", "clase5.test\clase5.test.csproj", "{00F36877-6844-4B44-AD61-F21FDA585357}"
EndProject
Project("{FAE04EC0-301F-11D3-BF4B-00C04F79EFBC}") = "clase6", "clase6\clase6.csproj", "{163FD1D7-1BE8-4634-AF8B-61C568A751C6}"
EndProject
Project("{FAE04EC0-301F-11D3-BF4B-00C04F79EFBC}") = "tempera", "tempera\tempera.csproj", "{8C118514-6DED-4D5B-89D1-054366817879}"
EndProject
Project("{FAE04EC0-301F-11D3-BF4B-00C04F79EFBC}") = "paletaform", "paletaform\paletaform.csproj", "{30843549-49B4-47B2-929F-EB7D3A35C1B8}"
EndProject
Project("{FAE04EC0-301F-11D3-BF4B-00C04F79EFBC}") = "vehiculos", "vehiculos\vehiculos\vehiculos.csproj", "{8AD43D39-902F-4E48-BD99-286FBF68E881}"
EndProject
Project("{FAE04EC0-301F-11D3-BF4B-00C04F79EFBC}") = "clase_09", "clase_09\clase_09.csproj", "{C30DA984-D6ED-4AF2-A4C8-D9FDBB6F4C51}"
EndProject
Global
	GlobalSection(SolutionConfigurationPlatforms) = preSolution
		Debug|Any CPU = Debug|Any CPU
		Release|Any CPU = Release|Any CPU
	EndGlobalSection
	GlobalSection(ProjectConfigurationPlatforms) = postSolution
		{C66F56DE-C0A2-4D34-8E1B-C1649CCC9FCB}.Debug|Any CPU.ActiveCfg = Debug|Any CPU
		{C66F56DE-C0A2-4D34-8E1B-C1649CCC9FCB}.Debug|Any CPU.Build.0 = Debug|Any CPU
		{C66F56DE-C0A2-4D34-8E1B-C1649CCC9FCB}.Release|Any CPU.ActiveCfg = Release|Any CPU
		{C66F56DE-C0A2-4D34-8E1B-C1649CCC9FCB}.Release|Any CPU.Build.0 = Release|Any CPU
		{4EB7CC5C-7DB9-419D-865B-305EE59B39FB}.Debug|Any CPU.ActiveCfg = Debug|Any CPU
		{4EB7CC5C-7DB9-419D-865B-305EE59B39FB}.Debug|Any CPU.Build.0 = Debug|Any CPU
		{4EB7CC5C-7DB9-419D-865B-305EE59B39FB}.Release|Any CPU.ActiveCfg = Release|Any CPU
		{4EB7CC5C-7DB9-419D-865B-305EE59B39FB}.Release|Any CPU.Build.0 = Release|Any CPU
		{4B2FD6CA-6C40-495E-A185-A236570BE7CA}.Debug|Any CPU.ActiveCfg = Debug|Any CPU
		{4B2FD6CA-6C40-495E-A185-A236570BE7CA}.Debug|Any CPU.Build.0 = Debug|Any CPU
		{4B2FD6CA-6C40-495E-A185-A236570BE7CA}.Release|Any CPU.ActiveCfg = Release|Any CPU
		{4B2FD6CA-6C40-495E-A185-A236570BE7CA}.Release|Any CPU.Build.0 = Release|Any CPU
		{C06C718D-49C4-431D-A2C8-3BDE523BC442}.Debug|Any CPU.ActiveCfg = Debug|Any CPU
		{C06C718D-49C4-431D-A2C8-3BDE523BC442}.Debug|Any CPU.Build.0 = Debug|Any CPU
		{C06C718D-49C4-431D-A2C8-3BDE523BC442}.Release|Any CPU.ActiveCfg = Release|Any CPU
		{C06C718D-49C4-431D-A2C8-3BDE523BC442}.Release|Any CPU.Build.0 = Release|Any CPU
		{CECF8AE3-4A2A-4DEF-BF84-FC3B80A1082C}.Debug|Any CPU.ActiveCfg = Debug|Any CPU
		{CECF8AE3-4A2A-4DEF-BF84-FC3B80A1082C}.Debug|Any CPU.Build.0 = Debug|Any CPU
		{CECF8AE3-4A2A-4DEF-BF84-FC3B80A1082C}.Release|Any CPU.ActiveCfg = Release|Any CPU
		{CECF8AE3-4A2A-4DEF-BF84-FC3B80A1082C}.Release|Any CPU.Build.0 = Release|Any CPU
		{EA095BD7-E975-4463-ACD6-91CECA9443B8}.Debug|Any CPU.ActiveCfg = Debug|Any CPU
		{EA095BD7-E975-4463-ACD6-91CECA9443B8}.Debug|Any CPU.Build.0 = Debug|Any CPU
		{EA095BD7-E975-4463-ACD6-91CECA9443B8}.Release|Any CPU.ActiveCfg = Release|Any CPU
		{EA095BD7-E975-4463-ACD6-91CECA9443B8}.Release|Any CPU.Build.0 = Release|Any CPU
		{74BCAFF9-659E-4701-A90B-1B06A5E55F26}.Debug|Any CPU.ActiveCfg = Debug|Any CPU
		{74BCAFF9-659E-4701-A90B-1B06A5E55F26}.Debug|Any CPU.Build.0 = Debug|Any CPU
		{74BCAFF9-659E-4701-A90B-1B06A5E55F26}.Release|Any CPU.ActiveCfg = Release|Any CPU
		{74BCAFF9-659E-4701-A90B-1B06A5E55F26}.Release|Any CPU.Build.0 = Release|Any CPU
		{25F6B80A-2D0E-40A7-B27A-472BB357AC88}.Debug|Any CPU.ActiveCfg = Debug|Any CPU
		{25F6B80A-2D0E-40A7-B27A-472BB357AC88}.Debug|Any CPU.Build.0 = Debug|Any CPU
		{25F6B80A-2D0E-40A7-B27A-472BB357AC88}.Release|Any CPU.ActiveCfg = Release|Any CPU
		{25F6B80A-2D0E-40A7-B27A-472BB357AC88}.Release|Any CPU.Build.0 = Release|Any CPU
		{96AADD0A-D94F-4815-AD1A-ECFA28ED1307}.Debug|Any CPU.ActiveCfg = Debug|Any CPU
		{96AADD0A-D94F-4815-AD1A-ECFA28ED1307}.Debug|Any CPU.Build.0 = Debug|Any CPU
		{96AADD0A-D94F-4815-AD1A-ECFA28ED1307}.Release|Any CPU.ActiveCfg = Release|Any CPU
		{96AADD0A-D94F-4815-AD1A-ECFA28ED1307}.Release|Any CPU.Build.0 = Release|Any CPU
		{2A95F485-89B3-422B-AB76-55F98FA7E143}.Debug|Any CPU.ActiveCfg = Debug|Any CPU
		{2A95F485-89B3-422B-AB76-55F98FA7E143}.Debug|Any CPU.Build.0 = Debug|Any CPU
		{2A95F485-89B3-422B-AB76-55F98FA7E143}.Release|Any CPU.ActiveCfg = Release|Any CPU
		{2A95F485-89B3-422B-AB76-55F98FA7E143}.Release|Any CPU.Build.0 = Release|Any CPU
		{00F36877-6844-4B44-AD61-F21FDA585357}.Debug|Any CPU.ActiveCfg = Debug|Any CPU
		{00F36877-6844-4B44-AD61-F21FDA585357}.Debug|Any CPU.Build.0 = Debug|Any CPU
		{00F36877-6844-4B44-AD61-F21FDA585357}.Release|Any CPU.ActiveCfg = Release|Any CPU
		{00F36877-6844-4B44-AD61-F21FDA585357}.Release|Any CPU.Build.0 = Release|Any CPU
		{163FD1D7-1BE8-4634-AF8B-61C568A751C6}.Debug|Any CPU.ActiveCfg = Debug|Any CPU
		{163FD1D7-1BE8-4634-AF8B-61C568A751C6}.Debug|Any CPU.Build.0 = Debug|Any CPU
		{163FD1D7-1BE8-4634-AF8B-61C568A751C6}.Release|Any CPU.ActiveCfg = Release|Any CPU
		{163FD1D7-1BE8-4634-AF8B-61C568A751C6}.Release|Any CPU.Build.0 = Release|Any CPU
		{8C118514-6DED-4D5B-89D1-054366817879}.Debug|Any CPU.ActiveCfg = Debug|Any CPU
		{8C118514-6DED-4D5B-89D1-054366817879}.Debug|Any CPU.Build.0 = Debug|Any CPU
		{8C118514-6DED-4D5B-89D1-054366817879}.Release|Any CPU.ActiveCfg = Release|Any CPU
		{8C118514-6DED-4D5B-89D1-054366817879}.Release|Any CPU.Build.0 = Release|Any CPU
		{30843549-49B4-47B2-929F-EB7D3A35C1B8}.Debug|Any CPU.ActiveCfg = Debug|Any CPU
		{30843549-49B4-47B2-929F-EB7D3A35C1B8}.Debug|Any CPU.Build.0 = Debug|Any CPU
		{30843549-49B4-47B2-929F-EB7D3A35C1B8}.Release|Any CPU.ActiveCfg = Release|Any CPU
		{30843549-49B4-47B2-929F-EB7D3A35C1B8}.Release|Any CPU.Build.0 = Release|Any CPU
		{8AD43D39-902F-4E48-BD99-286FBF68E881}.Debug|Any CPU.ActiveCfg = Debug|Any CPU
		{8AD43D39-902F-4E48-BD99-286FBF68E881}.Debug|Any CPU.Build.0 = Debug|Any CPU
		{8AD43D39-902F-4E48-BD99-286FBF68E881}.Release|Any CPU.ActiveCfg = Release|Any CPU
		{8AD43D39-902F-4E48-BD99-286FBF68E881}.Release|Any CPU.Build.0 = Release|Any CPU
		{C30DA984-D6ED-4AF2-A4C8-D9FDBB6F4C51}.Debug|Any CPU.ActiveCfg = Debug|Any CPU
		{C30DA984-D6ED-4AF2-A4C8-D9FDBB6F4C51}.Debug|Any CPU.Build.0 = Debug|Any CPU
		{C30DA984-D6ED-4AF2-A4C8-D9FDBB6F4C51}.Release|Any CPU.ActiveCfg = Release|Any CPU
		{C30DA984-D6ED-4AF2-A4C8-D9FDBB6F4C51}.Release|Any CPU.Build.0 = Release|Any CPU
	EndGlobalSection
	GlobalSection(SolutionProperties) = preSolution
		HideSolutionNode = FALSE
	EndGlobalSection
	GlobalSection(ExtensibilityGlobals) = postSolution
		SolutionGuid = {6DE29086-5C17-49D5-B172-DAECAABAED77}
	EndGlobalSection
EndGlobal
