
Microsoft Visual Studio Solution File, Format Version 12.00
# Visual Studio 15
VisualStudioVersion = 15.0.27703.2047
MinimumVisualStudioVersion = 10.0.40219.1
Project("{FAE04EC0-301F-11D3-BF4B-00C04F79EFBC}") = "Entidades", "entidades clase 18\Entidades.csproj", "{DDC9A0BD-DC18-4918-8611-A0CCF5CE1C4C}"
EndProject
Project("{FAE04EC0-301F-11D3-BF4B-00C04F79EFBC}") = "clase 18", "clase 18\clase 18.csproj", "{E5B8FC34-5EE2-4993-B6EE-040C082A3FBC}"
EndProject
Global
	GlobalSection(SolutionConfigurationPlatforms) = preSolution
		Debug|Any CPU = Debug|Any CPU
		Release|Any CPU = Release|Any CPU
	EndGlobalSection
	GlobalSection(ProjectConfigurationPlatforms) = postSolution
		{DDC9A0BD-DC18-4918-8611-A0CCF5CE1C4C}.Debug|Any CPU.ActiveCfg = Debug|Any CPU
		{DDC9A0BD-DC18-4918-8611-A0CCF5CE1C4C}.Debug|Any CPU.Build.0 = Debug|Any CPU
		{DDC9A0BD-DC18-4918-8611-A0CCF5CE1C4C}.Release|Any CPU.ActiveCfg = Release|Any CPU
		{DDC9A0BD-DC18-4918-8611-A0CCF5CE1C4C}.Release|Any CPU.Build.0 = Release|Any CPU
		{E5B8FC34-5EE2-4993-B6EE-040C082A3FBC}.Debug|Any CPU.ActiveCfg = Debug|Any CPU
		{E5B8FC34-5EE2-4993-B6EE-040C082A3FBC}.Debug|Any CPU.Build.0 = Debug|Any CPU
		{E5B8FC34-5EE2-4993-B6EE-040C082A3FBC}.Release|Any CPU.ActiveCfg = Release|Any CPU
		{E5B8FC34-5EE2-4993-B6EE-040C082A3FBC}.Release|Any CPU.Build.0 = Release|Any CPU
	EndGlobalSection
	GlobalSection(SolutionProperties) = preSolution
		HideSolutionNode = FALSE
	EndGlobalSection
	GlobalSection(ExtensibilityGlobals) = postSolution
		SolutionGuid = {89096DD5-5284-4C1F-8883-0BDCA96E225F}
	EndGlobalSection
EndGlobal
