
Microsoft Visual Studio Solution File, Format Version 12.00
# Visual Studio 15
VisualStudioVersion = 15.0.27703.2047
MinimumVisualStudioVersion = 10.0.40219.1
Project("{FAE04EC0-301F-11D3-BF4B-00C04F79EFBC}") = "Entdades", "Entdades\Entdades.csproj", "{3E493C80-E0D3-4F4E-B4CF-F5767E2F24FB}"
EndProject
Project("{FAE04EC0-301F-11D3-BF4B-00C04F79EFBC}") = "test", "test\test.csproj", "{9010EBE0-6CC4-4826-BA56-1DD98C0A7DD6}"
EndProject
Global
	GlobalSection(SolutionConfigurationPlatforms) = preSolution
		Debug|Any CPU = Debug|Any CPU
		Release|Any CPU = Release|Any CPU
	EndGlobalSection
	GlobalSection(ProjectConfigurationPlatforms) = postSolution
		{3E493C80-E0D3-4F4E-B4CF-F5767E2F24FB}.Debug|Any CPU.ActiveCfg = Debug|Any CPU
		{3E493C80-E0D3-4F4E-B4CF-F5767E2F24FB}.Debug|Any CPU.Build.0 = Debug|Any CPU
		{3E493C80-E0D3-4F4E-B4CF-F5767E2F24FB}.Release|Any CPU.ActiveCfg = Release|Any CPU
		{3E493C80-E0D3-4F4E-B4CF-F5767E2F24FB}.Release|Any CPU.Build.0 = Release|Any CPU
		{9010EBE0-6CC4-4826-BA56-1DD98C0A7DD6}.Debug|Any CPU.ActiveCfg = Debug|Any CPU
		{9010EBE0-6CC4-4826-BA56-1DD98C0A7DD6}.Debug|Any CPU.Build.0 = Debug|Any CPU
		{9010EBE0-6CC4-4826-BA56-1DD98C0A7DD6}.Release|Any CPU.ActiveCfg = Release|Any CPU
		{9010EBE0-6CC4-4826-BA56-1DD98C0A7DD6}.Release|Any CPU.Build.0 = Release|Any CPU
	EndGlobalSection
	GlobalSection(SolutionProperties) = preSolution
		HideSolutionNode = FALSE
	EndGlobalSection
	GlobalSection(ExtensibilityGlobals) = postSolution
		SolutionGuid = {873A5D8F-7E99-4B3A-838C-5C651274877D}
	EndGlobalSection
EndGlobal
